
Microsoft Visual Studio Solution File, Format Version 12.00
# Visual Studio 14
VisualStudioVersion = 14.0.23107.0
MinimumVisualStudioVersion = 10.0.40219.1
Project("{2150E333-8FDC-42A3-9474-1A3956D46DE8}") = "Solution Items", "Solution Items", "{619F76BF-F7DD-4FE3-B2ED-1C210BBD1CD0}"
	ProjectSection(SolutionItems) = preProject
		Readme.htm = Readme.htm
	EndProjectSection
EndProject
Project("{FAE04EC0-301F-11D3-BF4B-00C04F79EFBC}") = "TraceConsole", "TraceConsole\TraceConsole.csproj", "{37B146B9-96ED-48FA-B52E-2420EEADDDD3}"
EndProject
Project("{FAE04EC0-301F-11D3-BF4B-00C04F79EFBC}") = "TraceListener", "TraceListener\TraceListener.csproj", "{33177822-3E02-47E6-A89D-A5692EF3AAD1}"
EndProject
Project("{FAE04EC0-301F-11D3-BF4B-00C04F79EFBC}") = "TraceTest", "TraceTest\TraceTest.csproj", "{35475E07-C9AD-4973-868D-45BBDFAA7D33}"
EndProject
Global
	GlobalSection(SolutionConfigurationPlatforms) = preSolution
		Debug|Any CPU = Debug|Any CPU
		Release|Any CPU = Release|Any CPU
	EndGlobalSection
	GlobalSection(ProjectConfigurationPlatforms) = postSolution
		{37B146B9-96ED-48FA-B52E-2420EEADDDD3}.Debug|Any CPU.ActiveCfg = Debug|Any CPU
		{37B146B9-96ED-48FA-B52E-2420EEADDDD3}.Debug|Any CPU.Build.0 = Debug|Any CPU
		{37B146B9-96ED-48FA-B52E-2420EEADDDD3}.Release|Any CPU.ActiveCfg = Release|Any CPU
		{37B146B9-96ED-48FA-B52E-2420EEADDDD3}.Release|Any CPU.Build.0 = Release|Any CPU
		{33177822-3E02-47E6-A89D-A5692EF3AAD1}.Debug|Any CPU.ActiveCfg = Debug|Any CPU
		{33177822-3E02-47E6-A89D-A5692EF3AAD1}.Debug|Any CPU.Build.0 = Debug|Any CPU
		{33177822-3E02-47E6-A89D-A5692EF3AAD1}.Release|Any CPU.ActiveCfg = Release|Any CPU
		{33177822-3E02-47E6-A89D-A5692EF3AAD1}.Release|Any CPU.Build.0 = Release|Any CPU
		{35475E07-C9AD-4973-868D-45BBDFAA7D33}.Debug|Any CPU.ActiveCfg = Debug|Any CPU
		{35475E07-C9AD-4973-868D-45BBDFAA7D33}.Debug|Any CPU.Build.0 = Debug|Any CPU
		{35475E07-C9AD-4973-868D-45BBDFAA7D33}.Release|Any CPU.ActiveCfg = Release|Any CPU
		{35475E07-C9AD-4973-868D-45BBDFAA7D33}.Release|Any CPU.Build.0 = Release|Any CPU
	EndGlobalSection
	GlobalSection(SolutionProperties) = preSolution
		HideSolutionNode = FALSE
	EndGlobalSection
EndGlobal
